// !$*UTF8*$!
{
	archiveVersion = 1;
	classes = {
	};
	objectVersion = 46;
	objects = {

/* Begin PBXBuildFile section */
		07C400401CEDE8AF00552144 /* main.m in Sources */ = {isa = PBXBuildFile; fileRef = 07C4003F1CEDE8AF00552144 /* main.m */; };
		07C400431CEDE8AF00552144 /* AppDelegate.m in Sources */ = {isa = PBXBuildFile; fileRef = 07C400421CEDE8AF00552144 /* AppDelegate.m */; };
		07C400461CEDE8AF00552144 /* ViewController.m in Sources */ = {isa = PBXBuildFile; fileRef = 07C400451CEDE8AF00552144 /* ViewController.m */; };
		07C400491CEDE8AF00552144 /* Main.storyboard in Resources */ = {isa = PBXBuildFile; fileRef = 07C400471CEDE8AF00552144 /* Main.storyboard */; };
		07C4004B1CEDE8AF00552144 /* Assets.xcassets in Resources */ = {isa = PBXBuildFile; fileRef = 07C4004A1CEDE8AF00552144 /* Assets.xcassets */; };
		07C4004E1CEDE8AF00552144 /* LaunchScreen.storyboard in Resources */ = {isa = PBXBuildFile; fileRef = 07C4004C1CEDE8AF00552144 /* LaunchScreen.storyboard */; };
		07C400591CEDE8AF00552144 /* crowdFireCalDemoTests.m in Sources */ = {isa = PBXBuildFile; fileRef = 07C400581CEDE8AF00552144 /* crowdFireCalDemoTests.m */; };
		07C400641CEDE8AF00552144 /* crowdFireCalDemoUITests.m in Sources */ = {isa = PBXBuildFile; fileRef = 07C400631CEDE8AF00552144 /* crowdFireCalDemoUITests.m */; };
/* End PBXBuildFile section */

/* Begin PBXContainerItemProxy section */
		07C400551CEDE8AF00552144 /* PBXContainerItemProxy */ = {
			isa = PBXContainerItemProxy;
			containerPortal = 07C400331CEDE8AF00552144 /* Project object */;
			proxyType = 1;
			remoteGlobalIDString = 07C4003A1CEDE8AF00552144;
			remoteInfo = crowdFireCalDemo;
		};
		07C400601CEDE8AF00552144 /* PBXContainerItemProxy */ = {
			isa = PBXContainerItemProxy;
			containerPortal = 07C400331CEDE8AF00552144 /* Project object */;
			proxyType = 1;
			remoteGlobalIDString = 07C4003A1CEDE8AF00552144;
			remoteInfo = crowdFireCalDemo;
		};
/* End PBXContainerItemProxy section */

/* Begin PBXFileReference section */
		07C4003B1CEDE8AF00552144 /* crowdFireCalDemo.app */ = {isa = PBXFileReference; explicitFileType = wrapper.application; includeInIndex = 0; path = crowdFireCalDemo.app; sourceTree = BUILT_PRODUCTS_DIR; };
		07C4003F1CEDE8AF00552144 /* main.m */ = {isa = PBXFileReference; lastKnownFileType = sourcecode.c.objc; path = main.m; sourceTree = "<group>"; };
		07C400411CEDE8AF00552144 /* AppDelegate.h */ = {isa = PBXFileReference; lastKnownFileType = sourcecode.c.h; path = AppDelegate.h; sourceTree = "<group>"; };
		07C400421CEDE8AF00552144 /* AppDelegate.m */ = {isa = PBXFileReference; lastKnownFileType = sourcecode.c.objc; path = AppDelegate.m; sourceTree = "<group>"; };
		07C400441CEDE8AF00552144 /* ViewController.h */ = {isa = PBXFileReference; lastKnownFileType = sourcecode.c.h; path = ViewController.h; sourceTree = "<group>"; };
		07C400451CEDE8AF00552144 /* ViewController.m */ = {isa = PBXFileReference; lastKnownFileType = sourcecode.c.objc; path = ViewController.m; sourceTree = "<group>"; };
		07C400481CEDE8AF00552144 /* Base */ = {isa = PBXFileReference; lastKnownFileType = file.storyboard; name = Base; path = Base.lproj/Main.storyboard; sourceTree = "<group>"; };
		07C4004A1CEDE8AF00552144 /* Assets.xcassets */ = {isa = PBXFileReference; lastKnownFileType = folder.assetcatalog; path = Assets.xcassets; sourceTree = "<group>"; };
		07C4004D1CEDE8AF00552144 /* Base */ = {isa = PBXFileReference; lastKnownFileType = file.storyboard; name = Base; path = Base.lproj/LaunchScreen.storyboard; sourceTree = "<group>"; };
		07C4004F1CEDE8AF00552144 /* Info.plist */ = {isa = PBXFileReference; lastKnownFileType = text.plist.xml; path = Info.plist; sourceTree = "<group>"; };
		07C400541CEDE8AF00552144 /* crowdFireCalDemoTests.xctest */ = {isa = PBXFileReference; explicitFileType = wrapper.cfbundle; includeInIndex = 0; path = crowdFireCalDemoTests.xctest; sourceTree = BUILT_PRODUCTS_DIR; };
		07C400581CEDE8AF00552144 /* crowdFireCalDemoTests.m */ = {isa = PBXFileReference; lastKnownFileType = sourcecode.c.objc; path = crowdFireCalDemoTests.m; sourceTree = "<group>"; };
		07C4005A1CEDE8AF00552144 /* Info.plist */ = {isa = PBXFileReference; lastKnownFileType = text.plist.xml; path = Info.plist; sourceTree = "<group>"; };
		07C4005F1CEDE8AF00552144 /* crowdFireCalDemoUITests.xctest */ = {isa = PBXFileReference; explicitFileType = wrapper.cfbundle; includeInIndex = 0; path = crowdFireCalDemoUITests.xctest; sourceTree = BUILT_PRODUCTS_DIR; };
		07C400631CEDE8AF00552144 /* crowdFireCalDemoUITests.m */ = {isa = PBXFileReference; lastKnownFileType = sourcecode.c.objc; path = crowdFireCalDemoUITests.m; sourceTree = "<group>"; };
		07C400651CEDE8AF00552144 /* Info.plist */ = {isa = PBXFileReference; lastKnownFileType = text.plist.xml; path = Info.plist; sourceTree = "<group>"; };
/* End PBXFileReference section */

/* Begin PBXFrameworksBuildPhase section */
		07C400381CEDE8AF00552144 /* Frameworks */ = {
			isa = PBXFrameworksBuildPhase;
			buildActionMask = 2147483647;
			files = (
			);
			runOnlyForDeploymentPostprocessing = 0;
		};
		07C400511CEDE8AF00552144 /* Frameworks */ = {
			isa = PBXFrameworksBuildPhase;
			buildActionMask = 2147483647;
			files = (
			);
			runOnlyForDeploymentPostprocessing = 0;
		};
		07C4005C1CEDE8AF00552144 /* Frameworks */ = {
			isa = PBXFrameworksBuildPhase;
			buildActionMask = 2147483647;
			files = (
			);
			runOnlyForDeploymentPostprocessing = 0;
		};
/* End PBXFrameworksBuildPhase section */

/* Begin PBXGroup section */
		07C400321CEDE8AF00552144 = {
			isa = PBXGroup;
			children = (
				07C4003D1CEDE8AF00552144 /* crowdFireCalDemo */,
				07C400571CEDE8AF00552144 /* crowdFireCalDemoTests */,
				07C400621CEDE8AF00552144 /* crowdFireCalDemoUITests */,
				07C4003C1CEDE8AF00552144 /* Products */,
			);
			sourceTree = "<group>";
		};
		07C4003C1CEDE8AF00552144 /* Products */ = {
			isa = PBXGroup;
			children = (
				07C4003B1CEDE8AF00552144 /* crowdFireCalDemo.app */,
				07C400541CEDE8AF00552144 /* crowdFireCalDemoTests.xctest */,
				07C4005F1CEDE8AF00552144 /* crowdFireCalDemoUITests.xctest */,
			);
			name = Products;
			sourceTree = "<group>";
		};
		07C4003D1CEDE8AF00552144 /* crowdFireCalDemo */ = {
			isa = PBXGroup;
			children = (
				07C400411CEDE8AF00552144 /* AppDelegate.h */,
				07C400421CEDE8AF00552144 /* AppDelegate.m */,
				07C400441CEDE8AF00552144 /* ViewController.h */,
				07C400451CEDE8AF00552144 /* ViewController.m */,
				07C400471CEDE8AF00552144 /* Main.storyboard */,
				07C4004A1CEDE8AF00552144 /* Assets.xcassets */,
				07C4004C1CEDE8AF00552144 /* LaunchScreen.storyboard */,
				07C4004F1CEDE8AF00552144 /* Info.plist */,
				07C4003E1CEDE8AF00552144 /* Supporting Files */,
			);
			path = crowdFireCalDemo;
			sourceTree = "<group>";
		};
		07C4003E1CEDE8AF00552144 /* Supporting Files */ = {
			isa = PBXGroup;
			children = (
				07C4003F1CEDE8AF00552144 /* main.m */,
			);
			name = "Supporting Files";
			sourceTree = "<group>";
		};
		07C400571CEDE8AF00552144 /* crowdFireCalDemoTests */ = {
			isa = PBXGroup;
			children = (
				07C400581CEDE8AF00552144 /* crowdFireCalDemoTests.m */,
				07C4005A1CEDE8AF00552144 /* Info.plist */,
			);
			path = crowdFireCalDemoTests;
			sourceTree = "<group>";
		};
		07C400621CEDE8AF00552144 /* crowdFireCalDemoUITests */ = {
			isa = PBXGroup;
			children = (
				07C400631CEDE8AF00552144 /* crowdFireCalDemoUITests.m */,
				07C400651CEDE8AF00552144 /* Info.plist */,
			);
			path = crowdFireCalDemoUITests;
			sourceTree = "<group>";
		};
/* End PBXGroup section */

/* Begin PBXNativeTarget section */
		07C4003A1CEDE8AF00552144 /* crowdFireCalDemo */ = {
			isa = PBXNativeTarget;
			buildConfigurationList = 07C400681CEDE8AF00552144 /* Build configuration list for PBXNativeTarget "crowdFireCalDemo" */;
			buildPhases = (
				07C400371CEDE8AF00552144 /* Sources */,
				07C400381CEDE8AF00552144 /* Frameworks */,
				07C400391CEDE8AF00552144 /* Resources */,
			);
			buildRules = (
			);
			dependencies = (
			);
			name = crowdFireCalDemo;
			productName = crowdFireCalDemo;
			productReference = 07C4003B1CEDE8AF00552144 /* crowdFireCalDemo.app */;
			productType = "com.apple.product-type.application";
		};
		07C400531CEDE8AF00552144 /* crowdFireCalDemoTests */ = {
			isa = PBXNativeTarget;
			buildConfigurationList = 07C4006B1CEDE8AF00552144 /* Build configuration list for PBXNativeTarget "crowdFireCalDemoTests" */;
			buildPhases = (
				07C400501CEDE8AF00552144 /* Sources */,
				07C400511CEDE8AF00552144 /* Frameworks */,
				07C400521CEDE8AF00552144 /* Resources */,
			);
			buildRules = (
			);
			dependencies = (
				07C400561CEDE8AF00552144 /* PBXTargetDependency */,
			);
			name = crowdFireCalDemoTests;
			productName = crowdFireCalDemoTests;
			productReference = 07C400541CEDE8AF00552144 /* crowdFireCalDemoTests.xctest */;
			productType = "com.apple.product-type.bundle.unit-test";
		};
		07C4005E1CEDE8AF00552144 /* crowdFireCalDemoUITests */ = {
			isa = PBXNativeTarget;
			buildConfigurationList = 07C4006E1CEDE8AF00552144 /* Build configuration list for PBXNativeTarget "crowdFireCalDemoUITests" */;
			buildPhases = (
				07C4005B1CEDE8AF00552144 /* Sources */,
				07C4005C1CEDE8AF00552144 /* Frameworks */,
				07C4005D1CEDE8AF00552144 /* Resources */,
			);
			buildRules = (
			);
			dependencies = (
				07C400611CEDE8AF00552144 /* PBXTargetDependency */,
			);
			name = crowdFireCalDemoUITests;
			productName = crowdFireCalDemoUITests;
			productReference = 07C4005F1CEDE8AF00552144 /* crowdFireCalDemoUITests.xctest */;
			productType = "com.apple.product-type.bundle.ui-testing";
		};
/* End PBXNativeTarget section */

/* Begin PBXProject section */
		07C400331CEDE8AF00552144 /* Project object */ = {
			isa = PBXProject;
			attributes = {
				LastUpgradeCheck = 0730;
				ORGANIZATIONNAME = "Prashant Pandey";
				TargetAttributes = {
					07C4003A1CEDE8AF00552144 = {
						CreatedOnToolsVersion = 7.3.1;
					};
					07C400531CEDE8AF00552144 = {
						CreatedOnToolsVersion = 7.3.1;
						TestTargetID = 07C4003A1CEDE8AF00552144;
					};
					07C4005E1CEDE8AF00552144 = {
						CreatedOnToolsVersion = 7.3.1;
						TestTargetID = 07C4003A1CEDE8AF00552144;
					};
				};
			};
			buildConfigurationList = 07C400361CEDE8AF00552144 /* Build configuration list for PBXProject "crowdFireCalDemo" */;
			compatibilityVersion = "Xcode 3.2";
			developmentRegion = English;
			hasScannedForEncodings = 0;
			knownRegions = (
				en,
				Base,
			);
			mainGroup = 07C400321CEDE8AF00552144;
			productRefGroup = 07C4003C1CEDE8AF00552144 /* Products */;
			projectDirPath = "";
			projectRoot = "";
			targets = (
				07C4003A1CEDE8AF00552144 /* crowdFireCalDemo */,
				07C400531CEDE8AF00552144 /* crowdFireCalDemoTests */,
				07C4005E1CEDE8AF00552144 /* crowdFireCalDemoUITests */,
			);
		};
/* End PBXProject section */

/* Begin PBXResourcesBuildPhase section */
		07C400391CEDE8AF00552144 /* Resources */ = {
			isa = PBXResourcesBuildPhase;
			buildActionMask = 2147483647;
			files = (
				07C4004E1CEDE8AF00552144 /* LaunchScreen.storyboard in Resources */,
				07C4004B1CEDE8AF00552144 /* Assets.xcassets in Resources */,
				07C400491CEDE8AF00552144 /* Main.storyboard in Resources */,
			);
			runOnlyForDeploymentPostprocessing = 0;
		};
		07C400521CEDE8AF00552144 /* Resources */ = {
			isa = PBXResourcesBuildPhase;
			buildActionMask = 2147483647;
			files = (
			);
			runOnlyForDeploymentPostprocessing = 0;
		};
		07C4005D1CEDE8AF00552144 /* Resources */ = {
			isa = PBXResourcesBuildPhase;
			buildActionMask = 2147483647;
			files = (
			);
			runOnlyForDeploymentPostprocessing = 0;
		};
/* End PBXResourcesBuildPhase section */

/* Begin PBXSourcesBuildPhase section */
		07C400371CEDE8AF00552144 /* Sources */ = {
			isa = PBXSourcesBuildPhase;
			buildActionMask = 2147483647;
			files = (
				07C400461CEDE8AF00552144 /* ViewController.m in Sources */,
				07C400431CEDE8AF00552144 /* AppDelegate.m in Sources */,
				07C400401CEDE8AF00552144 /* main.m in Sources */,
			);
			runOnlyForDeploymentPostprocessing = 0;
		};
		07C400501CEDE8AF00552144 /* Sources */ = {
			isa = PBXSourcesBuildPhase;
			buildActionMask = 2147483647;
			files = (
				07C400591CEDE8AF00552144 /* crowdFireCalDemoTests.m in Sources */,
			);
			runOnlyForDeploymentPostprocessing = 0;
		};
		07C4005B1CEDE8AF00552144 /* Sources */ = {
			isa = PBXSourcesBuildPhase;
			buildActionMask = 2147483647;
			files = (
				07C400641CEDE8AF00552144 /* crowdFireCalDemoUITests.m in Sources */,
			);
			runOnlyForDeploymentPostprocessing = 0;
		};
/* End PBXSourcesBuildPhase section */

/* Begin PBXTargetDependency section */
		07C400561CEDE8AF00552144 /* PBXTargetDependency */ = {
			isa = PBXTargetDependency;
			target = 07C4003A1CEDE8AF00552144 /* crowdFireCalDemo */;
			targetProxy = 07C400551CEDE8AF00552144 /* PBXContainerItemProxy */;
		};
		07C400611CEDE8AF00552144 /* PBXTargetDependency */ = {
			isa = PBXTargetDependency;
			target = 07C4003A1CEDE8AF00552144 /* crowdFireCalDemo */;
			targetProxy = 07C400601CEDE8AF00552144 /* PBXContainerItemProxy */;
		};
/* End PBXTargetDependency section */

/* Begin PBXVariantGroup section */
		07C400471CEDE8AF00552144 /* Main.storyboard */ = {
			isa = PBXVariantGroup;
			children = (
				07C400481CEDE8AF00552144 /* Base */,
			);
			name = Main.storyboard;
			sourceTree = "<group>";
		};
		07C4004C1CEDE8AF00552144 /* LaunchScreen.storyboard */ = {
			isa = PBXVariantGroup;
			children = (
				07C4004D1CEDE8AF00552144 /* Base */,
			);
			name = LaunchScreen.storyboard;
			sourceTree = "<group>";
		};
/* End PBXVariantGroup section */

/* Begin XCBuildConfiguration section */
		07C400661CEDE8AF00552144 /* Debug */ = {
			isa = XCBuildConfiguration;
			buildSettings = {
				ALWAYS_SEARCH_USER_PATHS = NO;
				CLANG_ANALYZER_NONNULL = YES;
				CLANG_CXX_LANGUAGE_STANDARD = "gnu++0x";
				CLANG_CXX_LIBRARY = "libc++";
				CLANG_ENABLE_MODULES = YES;
				CLANG_ENABLE_OBJC_ARC = YES;
				CLANG_WARN_BOOL_CONVERSION = YES;
				CLANG_WARN_CONSTANT_CONVERSION = YES;
				CLANG_WARN_DIRECT_OBJC_ISA_USAGE = YES_ERROR;
				CLANG_WARN_EMPTY_BODY = YES;
				CLANG_WARN_ENUM_CONVERSION = YES;
				CLANG_WARN_INT_CONVERSION = YES;
				CLANG_WARN_OBJC_ROOT_CLASS = YES_ERROR;
				CLANG_WARN_UNREACHABLE_CODE = YES;
				CLANG_WARN__DUPLICATE_METHOD_MATCH = YES;
				"CODE_SIGN_IDENTITY[sdk=iphoneos*]" = "iPhone Developer";
				COPY_PHASE_STRIP = NO;
				DEBUG_INFORMATION_FORMAT = dwarf;
				ENABLE_STRICT_OBJC_MSGSEND = YES;
				ENABLE_TESTABILITY = YES;
				GCC_C_LANGUAGE_STANDARD = gnu99;
				GCC_DYNAMIC_NO_PIC = NO;
				GCC_NO_COMMON_BLOCKS = YES;
				GCC_OPTIMIZATION_LEVEL = 0;
				GCC_PREPROCESSOR_DEFINITIONS = (
					"DEBUG=1",
					"$(inherited)",
				);
				GCC_WARN_64_TO_32_BIT_CONVERSION = YES;
				GCC_WARN_ABOUT_RETURN_TYPE = YES_ERROR;
				GCC_WARN_UNDECLARED_SELECTOR = YES;
				GCC_WARN_UNINITIALIZED_AUTOS = YES_AGGRESSIVE;
				GCC_WARN_UNUSED_FUNCTION = YES;
				GCC_WARN_UNUSED_VARIABLE = YES;
				IPHONEOS_DEPLOYMENT_TARGET = 9.3;
				MTL_ENABLE_DEBUG_INFO = YES;
				ONLY_ACTIVE_ARCH = YES;
				SDKROOT = iphoneos;
				TARGETED_DEVICE_FAMILY = "1,2";
			};
			name = Debug;
		};
		07C400671CEDE8AF00552144 /* Release */ = {
			isa = XCBuildConfiguration;
			buildSettings = {
				ALWAYS_SEARCH_USER_PATHS = NO;
				CLANG_ANALYZER_NONNULL = YES;
				CLANG_CXX_LANGUAGE_STANDARD = "gnu++0x";
				CLANG_CXX_LIBRARY = "libc++";
				CLANG_ENABLE_MODULES = YES;
				CLANG_ENABLE_OBJC_ARC = YES;
				CLANG_WARN_BOOL_CONVERSION = YES;
				CLANG_WARN_CONSTANT_CONVERSION = YES;
				CLANG_WARN_DIRECT_OBJC_ISA_USAGE = YES_ERROR;
				CLANG_WARN_EMPTY_BODY = YES;
				CLANG_WARN_ENUM_CONVERSION = YES;
				CLANG_WARN_INT_CONVERSION = YES;
				CLANG_WARN_OBJC_ROOT_CLASS = YES_ERROR;
				CLANG_WARN_UNREACHABLE_CODE = YES;
				CLANG_WARN__DUPLICATE_METHOD_MATCH = YES;
				"CODE_SIGN_IDENTITY[sdk=iphoneos*]" = "iPhone Developer";
				COPY_PHASE_STRIP = NO;
				DEBUG_INFORMATION_FORMAT = "dwarf-with-dsym";
				ENABLE_NS_ASSERTIONS = NO;
				ENABLE_STRICT_OBJC_MSGSEND = YES;
				GCC_C_LANGUAGE_STANDARD = gnu99;
				GCC_NO_COMMON_BLOCKS = YES;
				GCC_WARN_64_TO_32_BIT_CONVERSION = YES;
				GCC_WARN_ABOUT_RETURN_TYPE = YES_ERROR;
				GCC_WARN_UNDECLARED_SELECTOR = YES;
				GCC_WARN_UNINITIALIZED_AUTOS = YES_AGGRESSIVE;
				GCC_WARN_UNUSED_FUNCTION = YES;
				GCC_WARN_UNUSED_VARIABLE = YES;
				IPHONEOS_DEPLOYMENT_TARGET = 9.3;
				MTL_ENABLE_DEBUG_INFO = NO;
				SDKROOT = iphoneos;
				TARGETED_DEVICE_FAMILY = "1,2";
				VALIDATE_PRODUCT = YES;
			};
			name = Release;
		};
		07C400691CEDE8AF00552144 /* Debug */ = {
			isa = XCBuildConfiguration;
			buildSettings = {
				ASSETCATALOG_COMPILER_APPICON_NAME = AppIcon;
				INFOPLIST_FILE = crowdFireCalDemo/Info.plist;
				LD_RUNPATH_SEARCH_PATHS = "$(inherited) @executable_path/Frameworks";
				PRODUCT_BUNDLE_IDENTIFIER = com.crowdfire.crowdFireCalDemo;
				PRODUCT_NAME = "$(TARGET_NAME)";
			};
			name = Debug;
		};
		07C4006A1CEDE8AF00552144 /* Release */ = {
			isa = XCBuildConfiguration;
			buildSettings = {
				ASSETCATALOG_COMPILER_APPICON_NAME = AppIcon;
				INFOPLIST_FILE = crowdFireCalDemo/Info.plist;
				LD_RUNPATH_SEARCH_PATHS = "$(inherited) @executable_path/Frameworks";
				PRODUCT_BUNDLE_IDENTIFIER = com.crowdfire.crowdFireCalDemo;
				PRODUCT_NAME = "$(TARGET_NAME)";
			};
			name = Release;
		};
		07C4006C1CEDE8AF00552144 /* Debug */ = {
			isa = XCBuildConfiguration;
			buildSettings = {
				BUNDLE_LOADER = "$(TEST_HOST)";
				INFOPLIST_FILE = crowdFireCalDemoTests/Info.plist;
				LD_RUNPATH_SEARCH_PATHS = "$(inherited) @executable_path/Frameworks @loader_path/Frameworks";
				PRODUCT_BUNDLE_IDENTIFIER = com.crowdfire.crowdFireCalDemoTests;
				PRODUCT_NAME = "$(TARGET_NAME)";
				TEST_HOST = "$(BUILT_PRODUCTS_DIR)/crowdFireCalDemo.app/crowdFireCalDemo";
			};
			name = Debug;
		};
		07C4006D1CEDE8AF00552144 /* Release */ = {
			isa = XCBuildConfiguration;
			buildSettings = {
				BUNDLE_LOADER = "$(TEST_HOST)";
				INFOPLIST_FILE = crowdFireCalDemoTests/Info.plist;
				LD_RUNPATH_SEARCH_PATHS = "$(inherited) @executable_path/Frameworks @loader_path/Frameworks";
				PRODUCT_BUNDLE_IDENTIFIER = com.crowdfire.crowdFireCalDemoTests;
				PRODUCT_NAME = "$(TARGET_NAME)";
				TEST_HOST = "$(BUILT_PRODUCTS_DIR)/crowdFireCalDemo.app/crowdFireCalDemo";
			};
			name = Release;
		};
		07C4006F1CEDE8AF00552144 /* Debug */ = {
			isa = XCBuildConfiguration;
			buildSettings = {
				INFOPLIST_FILE = crowdFireCalDemoUITests/Info.plist;
				LD_RUNPATH_SEARCH_PATHS = "$(inherited) @executable_path/Frameworks @loader_path/Frameworks";
				PRODUCT_BUNDLE_IDENTIFIER = com.crowdfire.crowdFireCalDemoUITests;
				PRODUCT_NAME = "$(TARGET_NAME)";
				TEST_TARGET_NAME = crowdFireCalDemo;
			};
			name = Debug;
		};
		07C400701CEDE8AF00552144 /* Release */ = {
			isa = XCBuildConfiguration;
			buildSettings = {
				INFOPLIST_FILE = crowdFireCalDemoUITests/Info.plist;
				LD_RUNPATH_SEARCH_PATHS = "$(inherited) @executable_path/Frameworks @loader_path/Frameworks";
				PRODUCT_BUNDLE_IDENTIFIER = com.crowdfire.crowdFireCalDemoUITests;
				PRODUCT_NAME = "$(TARGET_NAME)";
				TEST_TARGET_NAME = crowdFireCalDemo;
			};
			name = Release;
		};
/* End XCBuildConfiguration section */

/* Begin XCConfigurationList section */
		07C400361CEDE8AF00552144 /* Build configuration list for PBXProject "crowdFireCalDemo" */ = {
			isa = XCConfigurationList;
			buildConfigurations = (
				07C400661CEDE8AF00552144 /* Debug */,
				07C400671CEDE8AF00552144 /* Release */,
			);
			defaultConfigurationIsVisible = 0;
			defaultConfigurationName = Release;
		};
		07C400681CEDE8AF00552144 /* Build configuration list for PBXNativeTarget "crowdFireCalDemo" */ = {
			isa = XCConfigurationList;
			buildConfigurations = (
				07C400691CEDE8AF00552144 /* Debug */,
				07C4006A1CEDE8AF00552144 /* Release */,
			);
			defaultConfigurationIsVisible = 0;
		};
		07C4006B1CEDE8AF00552144 /* Build configuration list for PBXNativeTarget "crowdFireCalDemoTests" */ = {
			isa = XCConfigurationList;
			buildConfigurations = (
				07C4006C1CEDE8AF00552144 /* Debug */,
				07C4006D1CEDE8AF00552144 /* Release */,
			);
			defaultConfigurationIsVisible = 0;
		};
		07C4006E1CEDE8AF00552144 /* Build configuration list for PBXNativeTarget "crowdFireCalDemoUITests" */ = {
			isa = XCConfigurationList;
			buildConfigurations = (
				07C4006F1CEDE8AF00552144 /* Debug */,
				07C400701CEDE8AF00552144 /* Release */,
			);
			defaultConfigurationIsVisible = 0;
		};
/* End XCConfigurationList section */
	};
	rootObject = 07C400331CEDE8AF00552144 /* Project object */;
}
